
Microsoft Visual Studio Solution File, Format Version 12.00
# Visual Studio Version 17
VisualStudioVersion = 17.8.34525.116
MinimumVisualStudioVersion = 10.0.40219.1
Project("{9A19103F-16F7-4668-BE54-9A1E7A4F7556}") = "SimplyFly_Project", "SimplyFly_Project.csproj", "{7A077FBF-7109-4B7A-B966-AC8E1FEAC47A}"
EndProject
Project("{FAE04EC0-301F-11D3-BF4B-00C04F79EFBC}") = "SimplyFly_Test", "..\SimplyFly_Test\SimplyFly_Test.csproj", "{CE430F81-70DE-4CA4-B55A-6D2A73FB5324}"
EndProject
Global
	GlobalSection(SolutionConfigurationPlatforms) = preSolution
		Debug|Any CPU = Debug|Any CPU
		Release|Any CPU = Release|Any CPU
	EndGlobalSection
	GlobalSection(ProjectConfigurationPlatforms) = postSolution
		{7A077FBF-7109-4B7A-B966-AC8E1FEAC47A}.Debug|Any CPU.ActiveCfg = Debug|Any CPU
		{7A077FBF-7109-4B7A-B966-AC8E1FEAC47A}.Debug|Any CPU.Build.0 = Debug|Any CPU
		{7A077FBF-7109-4B7A-B966-AC8E1FEAC47A}.Release|Any CPU.ActiveCfg = Release|Any CPU
		{7A077FBF-7109-4B7A-B966-AC8E1FEAC47A}.Release|Any CPU.Build.0 = Release|Any CPU
		{CE430F81-70DE-4CA4-B55A-6D2A73FB5324}.Debug|Any CPU.ActiveCfg = Debug|Any CPU
		{CE430F81-70DE-4CA4-B55A-6D2A73FB5324}.Debug|Any CPU.Build.0 = Debug|Any CPU
		{CE430F81-70DE-4CA4-B55A-6D2A73FB5324}.Release|Any CPU.ActiveCfg = Release|Any CPU
		{CE430F81-70DE-4CA4-B55A-6D2A73FB5324}.Release|Any CPU.Build.0 = Release|Any CPU
	EndGlobalSection
	GlobalSection(SolutionProperties) = preSolution
		HideSolutionNode = FALSE
	EndGlobalSection
	GlobalSection(ExtensibilityGlobals) = postSolution
		SolutionGuid = {720ABAC6-6846-4A83-90DF-16E13B36BB7E}
	EndGlobalSection
EndGlobal
